
Microsoft Visual Studio Solution File, Format Version 12.00
# Visual Studio Version 17
VisualStudioVersion = 17.14.37628.2 d17.14
MinimumVisualStudioVersion = 10.0.40219.1
Project("{FAE04EC0-301F-11D3-BF4B-00C04F79EFBC}") = "PasswordGenerator", "PasswordGenerator\PasswordGenerator.csproj", "{F1D88282-DD40-4DAA-B32A-579AC267D792}"
EndProject
Global
	GlobalSection(SolutionConfigurationPlatforms) = preSolution
		Debug|Any CPU = Debug|Any CPU
		Release|Any CPU = Release|Any CPU
	EndGlobalSection
	GlobalSection(ProjectConfigurationPlatforms) = postSolution
		{F1D88282-DD40-4DAA-B32A-579AC267D792}.Debug|Any CPU.ActiveCfg = Debug|Any CPU
		{F1D88282-DD40-4DAA-B32A-579AC267D792}.Debug|Any CPU.Build.0 = Debug|Any CPU
		{F1D88282-DD40-4DAA-B32A-579AC267D792}.Release|Any CPU.ActiveCfg = Release|Any CPU
		{F1D88282-DD40-4DAA-B32A-579AC267D792}.Release|Any CPU.Build.0 = Release|Any CPU
	EndGlobalSection
	GlobalSection(SolutionProperties) = preSolution
		HideSolutionNode = FALSE
	EndGlobalSection
	GlobalSection(ExtensibilityGlobals) = postSolution
		SolutionGuid = {6C091174-17F5-496E-B8CB-43C0C65725E5}
	EndGlobalSection
EndGlobal
